
Microsoft Visual Studio Solution File, Format Version 12.00
# Visual Studio Version 17
VisualStudioVersion = 17.6.33829.357
MinimumVisualStudioVersion = 10.0.40219.1
Project("{8BC9CEB8-8B4A-11D0-8D11-00A0C91BC942}") = "LTCB_pheptinhcoban", "LTCB_pheptinhcoban\LTCB_pheptinhcoban.vcxproj", "{FCB4C923-4D40-44FA-858E-71E59D1759F8}"
EndProject
Global
	GlobalSection(SolutionConfigurationPlatforms) = preSolution
		Debug|x64 = Debug|x64
		Debug|x86 = Debug|x86
		Release|x64 = Release|x64
		Release|x86 = Release|x86
	EndGlobalSection
	GlobalSection(ProjectConfigurationPlatforms) = postSolution
		{FCB4C923-4D40-44FA-858E-71E59D1759F8}.Debug|x64.ActiveCfg = Debug|x64
		{FCB4C923-4D40-44FA-858E-71E59D1759F8}.Debug|x64.Build.0 = Debug|x64
		{FCB4C923-4D40-44FA-858E-71E59D1759F8}.Debug|x86.ActiveCfg = Debug|Win32
		{FCB4C923-4D40-44FA-858E-71E59D1759F8}.Debug|x86.Build.0 = Debug|Win32
		{FCB4C923-4D40-44FA-858E-71E59D1759F8}.Release|x64.ActiveCfg = Release|x64
		{FCB4C923-4D40-44FA-858E-71E59D1759F8}.Release|x64.Build.0 = Release|x64
		{FCB4C923-4D40-44FA-858E-71E59D1759F8}.Release|x86.ActiveCfg = Release|Win32
		{FCB4C923-4D40-44FA-858E-71E59D1759F8}.Release|x86.Build.0 = Release|Win32
	EndGlobalSection
	GlobalSection(SolutionProperties) = preSolution
		HideSolutionNode = FALSE
	EndGlobalSection
	GlobalSection(ExtensibilityGlobals) = postSolution
		SolutionGuid = {B3EC4E03-F64B-48E3-8CC4-F8E6F4C128E9}
	EndGlobalSection
EndGlobal
